
Microsoft Visual Studio Solution File, Format Version 12.00
# Visual Studio 15
VisualStudioVersion = 15.0.28010.2003
MinimumVisualStudioVersion = 10.0.40219.1
Project("{E24C65DC-7377-472B-9ABA-BC803B73C61A}") = "WebGISProject", ".", "{76C54328-93CC-402C-B25A-4E1E4C5B75A3}"
	ProjectSection(WebsiteProperties) = preProject
		TargetFrameworkMoniker = ".NETFramework,Version%3Dv4.6.1"
		Debug.AspNetCompiler.VirtualPath = "/localhost_52140"
		Debug.AspNetCompiler.PhysicalPath = "E:\大三上\高性能计算与WebGIS\114163-20161001584-温梦甜-WebGIS\WebGISProject\"
		Debug.AspNetCompiler.TargetPath = "PrecompiledWeb\localhost_52140\"
		Debug.AspNetCompiler.Updateable = "true"
		Debug.AspNetCompiler.ForceOverwrite = "true"
		Debug.AspNetCompiler.FixedNames = "false"
		Debug.AspNetCompiler.Debug = "True"
		Release.AspNetCompiler.VirtualPath = "/localhost_52140"
		Release.AspNetCompiler.PhysicalPath = "E:\大三上\高性能计算与WebGIS\114163-20161001584-温梦甜-WebGIS\WebGISProject\"
		Release.AspNetCompiler.TargetPath = "PrecompiledWeb\localhost_52140\"
		Release.AspNetCompiler.Updateable = "true"
		Release.AspNetCompiler.ForceOverwrite = "true"
		Release.AspNetCompiler.FixedNames = "false"
		Release.AspNetCompiler.Debug = "False"
		VWDPort = "52140"
	EndProjectSection
EndProject
Global
	GlobalSection(SolutionConfigurationPlatforms) = preSolution
		Debug|Any CPU = Debug|Any CPU
	EndGlobalSection
	GlobalSection(ProjectConfigurationPlatforms) = postSolution
		{76C54328-93CC-402C-B25A-4E1E4C5B75A3}.Debug|Any CPU.ActiveCfg = Debug|Any CPU
		{76C54328-93CC-402C-B25A-4E1E4C5B75A3}.Debug|Any CPU.Build.0 = Debug|Any CPU
	EndGlobalSection
	GlobalSection(SolutionProperties) = preSolution
		HideSolutionNode = FALSE
	EndGlobalSection
	GlobalSection(ExtensibilityGlobals) = postSolution
		SolutionGuid = {D6854432-8FC3-44CF-B63F-B7DC23363BA1}
	EndGlobalSection
EndGlobal
